// !$*UTF8*$!
{
	archiveVersion = 1;
	classes = {
	};
	objectVersion = 55;
	objects = {

/* Begin PBXBuildFile section */
		5F07CE322818D73200F03565 /* AppDelegate.swift in Sources */ = {isa = PBXBuildFile; fileRef = 5F07CE312818D73200F03565 /* AppDelegate.swift */; };
		5F07CE342818D73200F03565 /* SceneDelegate.swift in Sources */ = {isa = PBXBuildFile; fileRef = 5F07CE332818D73200F03565 /* SceneDelegate.swift */; };
		5F07CE362818D73200F03565 /* ViewController.swift in Sources */ = {isa = PBXBuildFile; fileRef = 5F07CE352818D73200F03565 /* ViewController.swift */; };
		5F07CE392818D73200F03565 /* Main.storyboard in Resources */ = {isa = PBXBuildFile; fileRef = 5F07CE372818D73200F03565 /* Main.storyboard */; };
		5F07CE3C2818D73200F03565 /* Workload_Organizer_App.xcdatamodeld in Sources */ = {isa = PBXBuildFile; fileRef = 5F07CE3A2818D73200F03565 /* Workload_Organizer_App.xcdatamodeld */; };
		5F07CE3E2818D73300F03565 /* Assets.xcassets in Resources */ = {isa = PBXBuildFile; fileRef = 5F07CE3D2818D73300F03565 /* Assets.xcassets */; };
		5F07CE412818D73300F03565 /* LaunchScreen.storyboard in Resources */ = {isa = PBXBuildFile; fileRef = 5F07CE3F2818D73300F03565 /* LaunchScreen.storyboard */; };
		5F07CE4B2818E2C000F03565 /* SF-Pro-Text-Semibold.otf in Resources */ = {isa = PBXBuildFile; fileRef = 5F07CE4A2818E2C000F03565 /* SF-Pro-Text-Semibold.otf */; };
		5F07CE4D2818EDBA00F03565 /* SF-Pro-Text-Regular.otf in Resources */ = {isa = PBXBuildFile; fileRef = 5F07CE4C2818EDBA00F03565 /* SF-Pro-Text-Regular.otf */; };
		5F07CE4F2818EDC500F03565 /* SF-Pro-Text-Light.otf in Resources */ = {isa = PBXBuildFile; fileRef = 5F07CE4E2818EDC500F03565 /* SF-Pro-Text-Light.otf */; };
		5F07CE512818EF4D00F03565 /* CustomUIView.swift in Sources */ = {isa = PBXBuildFile; fileRef = 5F07CE502818EF4D00F03565 /* CustomUIView.swift */; };
		5F6606F42819E5040072791F /* TodaysTaskCell.swift in Sources */ = {isa = PBXBuildFile; fileRef = 5F6606F32819E5040072791F /* TodaysTaskCell.swift */; };
		5F6606F62819ED610072791F /* CustomTagUILabel.swift in Sources */ = {isa = PBXBuildFile; fileRef = 5F6606F52819ED600072791F /* CustomTagUILabel.swift */; };
		5F97C9352819F285003B524C /* MyTasksViewController.swift in Sources */ = {isa = PBXBuildFile; fileRef = 5F97C9342819F285003B524C /* MyTasksViewController.swift */; };
		5F97C9372819F51F003B524C /* MyTasksCell.swift in Sources */ = {isa = PBXBuildFile; fileRef = 5F97C9362819F51F003B524C /* MyTasksCell.swift */; };
		5F97C939281A00E3003B524C /* AddViewTaskViewController.swift in Sources */ = {isa = PBXBuildFile; fileRef = 5F97C938281A00E3003B524C /* AddViewTaskViewController.swift */; };
		5F97C93B281A10A0003B524C /* AddViewSmallTaskViewController.swift in Sources */ = {isa = PBXBuildFile; fileRef = 5F97C93A281A10A0003B524C /* AddViewSmallTaskViewController.swift */; };
		5FC077B4281AEF87007B7CF3 /* Helper.swift in Sources */ = {isa = PBXBuildFile; fileRef = 5FC077B3281AEF87007B7CF3 /* Helper.swift */; };
		5FCCCE32282256BA0088C1F8 /* Task+CoreDataClass.swift in Sources */ = {isa = PBXBuildFile; fileRef = 5FCCCE2E282256BA0088C1F8 /* Task+CoreDataClass.swift */; };
		5FCCCE33282256BA0088C1F8 /* Task+CoreDataProperties.swift in Sources */ = {isa = PBXBuildFile; fileRef = 5FCCCE2F282256BA0088C1F8 /* Task+CoreDataProperties.swift */; };
		5FCCCE34282256BA0088C1F8 /* SmallTask+CoreDataClass.swift in Sources */ = {isa = PBXBuildFile; fileRef = 5FCCCE30282256BA0088C1F8 /* SmallTask+CoreDataClass.swift */; };
		5FCCCE35282256BA0088C1F8 /* SmallTask+CoreDataProperties.swift in Sources */ = {isa = PBXBuildFile; fileRef = 5FCCCE31282256BA0088C1F8 /* SmallTask+CoreDataProperties.swift */; };
/* End PBXBuildFile section */

/* Begin PBXFileReference section */
		5F07CE2E2818D73200F03565 /* Workload Organizer App.app */ = {isa = PBXFileReference; explicitFileType = wrapper.application; includeInIndex = 0; path = "Workload Organizer App.app"; sourceTree = BUILT_PRODUCTS_DIR; };
		5F07CE312818D73200F03565 /* AppDelegate.swift */ = {isa = PBXFileReference; lastKnownFileType = sourcecode.swift; path = AppDelegate.swift; sourceTree = "<group>"; };
		5F07CE332818D73200F03565 /* SceneDelegate.swift */ = {isa = PBXFileReference; lastKnownFileType = sourcecode.swift; path = SceneDelegate.swift; sourceTree = "<group>"; };
		5F07CE352818D73200F03565 /* ViewController.swift */ = {isa = PBXFileReference; lastKnownFileType = sourcecode.swift; path = ViewController.swift; sourceTree = "<group>"; };
		5F07CE382818D73200F03565 /* Base */ = {isa = PBXFileReference; lastKnownFileType = file.storyboard; name = Base; path = Base.lproj/Main.storyboard; sourceTree = "<group>"; };
		5F07CE3B2818D73200F03565 /* Workload_Organizer_App.xcdatamodel */ = {isa = PBXFileReference; lastKnownFileType = wrapper.xcdatamodel; path = Workload_Organizer_App.xcdatamodel; sourceTree = "<group>"; };
		5F07CE3D2818D73300F03565 /* Assets.xcassets */ = {isa = PBXFileReference; lastKnownFileType = folder.assetcatalog; path = Assets.xcassets; sourceTree = "<group>"; };
		5F07CE402818D73300F03565 /* Base */ = {isa = PBXFileReference; lastKnownFileType = file.storyboard; name = Base; path = Base.lproj/LaunchScreen.storyboard; sourceTree = "<group>"; };
		5F07CE422818D73300F03565 /* Info.plist */ = {isa = PBXFileReference; lastKnownFileType = text.plist.xml; path = Info.plist; sourceTree = "<group>"; };
		5F07CE4A2818E2C000F03565 /* SF-Pro-Text-Semibold.otf */ = {isa = PBXFileReference; lastKnownFileType = file; path = "SF-Pro-Text-Semibold.otf"; sourceTree = "<group>"; };
		5F07CE4C2818EDBA00F03565 /* SF-Pro-Text-Regular.otf */ = {isa = PBXFileReference; lastKnownFileType = file; path = "SF-Pro-Text-Regular.otf"; sourceTree = "<group>"; };
		5F07CE4E2818EDC500F03565 /* SF-Pro-Text-Light.otf */ = {isa = PBXFileReference; lastKnownFileType = file; path = "SF-Pro-Text-Light.otf"; sourceTree = "<group>"; };
		5F07CE502818EF4D00F03565 /* CustomUIView.swift */ = {isa = PBXFileReference; lastKnownFileType = sourcecode.swift; path = CustomUIView.swift; sourceTree = "<group>"; };
		5F6606F32819E5040072791F /* TodaysTaskCell.swift */ = {isa = PBXFileReference; lastKnownFileType = sourcecode.swift; path = TodaysTaskCell.swift; sourceTree = "<group>"; };
		5F6606F52819ED600072791F /* CustomTagUILabel.swift */ = {isa = PBXFileReference; lastKnownFileType = sourcecode.swift; path = CustomTagUILabel.swift; sourceTree = "<group>"; };
		5F97C9342819F285003B524C /* MyTasksViewController.swift */ = {isa = PBXFileReference; lastKnownFileType = sourcecode.swift; path = MyTasksViewController.swift; sourceTree = "<group>"; };
		5F97C9362819F51F003B524C /* MyTasksCell.swift */ = {isa = PBXFileReference; lastKnownFileType = sourcecode.swift; path = MyTasksCell.swift; sourceTree = "<group>"; };
		5F97C938281A00E3003B524C /* AddViewTaskViewController.swift */ = {isa = PBXFileReference; lastKnownFileType = sourcecode.swift; path = AddViewTaskViewController.swift; sourceTree = "<group>"; };
		5F97C93A281A10A0003B524C /* AddViewSmallTaskViewController.swift */ = {isa = PBXFileReference; lastKnownFileType = sourcecode.swift; path = AddViewSmallTaskViewController.swift; sourceTree = "<group>"; };
		5FC077B3281AEF87007B7CF3 /* Helper.swift */ = {isa = PBXFileReference; lastKnownFileType = sourcecode.swift; path = Helper.swift; sourceTree = "<group>"; };
		5FCCCE2E282256BA0088C1F8 /* Task+CoreDataClass.swift */ = {isa = PBXFileReference; lastKnownFileType = sourcecode.swift; path = "Task+CoreDataClass.swift"; sourceTree = "<group>"; };
		5FCCCE2F282256BA0088C1F8 /* Task+CoreDataProperties.swift */ = {isa = PBXFileReference; lastKnownFileType = sourcecode.swift; path = "Task+CoreDataProperties.swift"; sourceTree = "<group>"; };
		5FCCCE30282256BA0088C1F8 /* SmallTask+CoreDataClass.swift */ = {isa = PBXFileReference; lastKnownFileType = sourcecode.swift; path = "SmallTask+CoreDataClass.swift"; sourceTree = "<group>"; };
		5FCCCE31282256BA0088C1F8 /* SmallTask+CoreDataProperties.swift */ = {isa = PBXFileReference; lastKnownFileType = sourcecode.swift; path = "SmallTask+CoreDataProperties.swift"; sourceTree = "<group>"; };
/* End PBXFileReference section */

/* Begin PBXFrameworksBuildPhase section */
		5F07CE2B2818D73200F03565 /* Frameworks */ = {
			isa = PBXFrameworksBuildPhase;
			buildActionMask = 2147483647;
			files = (
			);
			runOnlyForDeploymentPostprocessing = 0;
		};
/* End PBXFrameworksBuildPhase section */

/* Begin PBXGroup section */
		5F07CE252818D73200F03565 = {
			isa = PBXGroup;
			children = (
				5F07CE302818D73200F03565 /* Workload Organizer App */,
				5F07CE2F2818D73200F03565 /* Products */,
			);
			sourceTree = "<group>";
		};
		5F07CE2F2818D73200F03565 /* Products */ = {
			isa = PBXGroup;
			children = (
				5F07CE2E2818D73200F03565 /* Workload Organizer App.app */,
			);
			name = Products;
			sourceTree = "<group>";
		};
		5F07CE302818D73200F03565 /* Workload Organizer App */ = {
			isa = PBXGroup;
			children = (
				5FC077BD281AFFD5007B7CF3 /* Core Data Model */,
				5F07CE492818E24300F03565 /* fonts */,
				5F07CE312818D73200F03565 /* AppDelegate.swift */,
				5F07CE332818D73200F03565 /* SceneDelegate.swift */,
				5F07CE352818D73200F03565 /* ViewController.swift */,
				5F07CE372818D73200F03565 /* Main.storyboard */,
				5F07CE3D2818D73300F03565 /* Assets.xcassets */,
				5F07CE3F2818D73300F03565 /* LaunchScreen.storyboard */,
				5F07CE422818D73300F03565 /* Info.plist */,
				5F07CE3A2818D73200F03565 /* Workload_Organizer_App.xcdatamodeld */,
				5F07CE502818EF4D00F03565 /* CustomUIView.swift */,
				5F6606F32819E5040072791F /* TodaysTaskCell.swift */,
				5F6606F52819ED600072791F /* CustomTagUILabel.swift */,
				5F97C9342819F285003B524C /* MyTasksViewController.swift */,
				5F97C9362819F51F003B524C /* MyTasksCell.swift */,
				5F97C938281A00E3003B524C /* AddViewTaskViewController.swift */,
				5F97C93A281A10A0003B524C /* AddViewSmallTaskViewController.swift */,
				5FC077B3281AEF87007B7CF3 /* Helper.swift */,
			);
			path = "Workload Organizer App";
			sourceTree = "<group>";
		};
		5F07CE492818E24300F03565 /* fonts */ = {
			isa = PBXGroup;
			children = (
				5F07CE4E2818EDC500F03565 /* SF-Pro-Text-Light.otf */,
				5F07CE4C2818EDBA00F03565 /* SF-Pro-Text-Regular.otf */,
				5F07CE4A2818E2C000F03565 /* SF-Pro-Text-Semibold.otf */,
			);
			path = fonts;
			sourceTree = "<group>";
		};
		5FC077BD281AFFD5007B7CF3 /* Core Data Model */ = {
			isa = PBXGroup;
			children = (
				5FCCCE2E282256BA0088C1F8 /* Task+CoreDataClass.swift */,
				5FCCCE2F282256BA0088C1F8 /* Task+CoreDataProperties.swift */,
				5FCCCE30282256BA0088C1F8 /* SmallTask+CoreDataClass.swift */,
				5FCCCE31282256BA0088C1F8 /* SmallTask+CoreDataProperties.swift */,
			);
			path = "Core Data Model";
			sourceTree = "<group>";
		};
/* End PBXGroup section */

/* Begin PBXNativeTarget section */
		5F07CE2D2818D73200F03565 /* Workload Organizer App */ = {
			isa = PBXNativeTarget;
			buildConfigurationList = 5F07CE452818D73300F03565 /* Build configuration list for PBXNativeTarget "Workload Organizer App" */;
			buildPhases = (
				5F07CE2A2818D73200F03565 /* Sources */,
				5F07CE2B2818D73200F03565 /* Frameworks */,
				5F07CE2C2818D73200F03565 /* Resources */,
			);
			buildRules = (
			);
			dependencies = (
			);
			name = "Workload Organizer App";
			productName = "Workload Organizer App";
			productReference = 5F07CE2E2818D73200F03565 /* Workload Organizer App.app */;
			productType = "com.apple.product-type.application";
		};
/* End PBXNativeTarget section */

/* Begin PBXProject section */
		5F07CE262818D73200F03565 /* Project object */ = {
			isa = PBXProject;
			attributes = {
				BuildIndependentTargetsInParallel = 1;
				LastSwiftUpdateCheck = 1330;
				LastUpgradeCheck = 1330;
				TargetAttributes = {
					5F07CE2D2818D73200F03565 = {
						CreatedOnToolsVersion = 13.3.1;
					};
				};
			};
			buildConfigurationList = 5F07CE292818D73200F03565 /* Build configuration list for PBXProject "Workload Organizer App" */;
			compatibilityVersion = "Xcode 13.0";
			developmentRegion = en;
			hasScannedForEncodings = 0;
			knownRegions = (
				en,
				Base,
			);
			mainGroup = 5F07CE252818D73200F03565;
			productRefGroup = 5F07CE2F2818D73200F03565 /* Products */;
			projectDirPath = "";
			projectRoot = "";
			targets = (
				5F07CE2D2818D73200F03565 /* Workload Organizer App */,
			);
		};
/* End PBXProject section */

/* Begin PBXResourcesBuildPhase section */
		5F07CE2C2818D73200F03565 /* Resources */ = {
			isa = PBXResourcesBuildPhase;
			buildActionMask = 2147483647;
			files = (
				5F07CE4B2818E2C000F03565 /* SF-Pro-Text-Semibold.otf in Resources */,
				5F07CE4D2818EDBA00F03565 /* SF-Pro-Text-Regular.otf in Resources */,
				5F07CE4F2818EDC500F03565 /* SF-Pro-Text-Light.otf in Resources */,
				5F07CE412818D73300F03565 /* LaunchScreen.storyboard in Resources */,
				5F07CE3E2818D73300F03565 /* Assets.xcassets in Resources */,
				5F07CE392818D73200F03565 /* Main.storyboard in Resources */,
			);
			runOnlyForDeploymentPostprocessing = 0;
		};
/* End PBXResourcesBuildPhase section */

/* Begin PBXSourcesBuildPhase section */
		5F07CE2A2818D73200F03565 /* Sources */ = {
			isa = PBXSourcesBuildPhase;
			buildActionMask = 2147483647;
			files = (
				5F6606F42819E5040072791F /* TodaysTaskCell.swift in Sources */,
				5F97C9352819F285003B524C /* MyTasksViewController.swift in Sources */,
				5FCCCE32282256BA0088C1F8 /* Task+CoreDataClass.swift in Sources */,
				5F07CE362818D73200F03565 /* ViewController.swift in Sources */,
				5FCCCE35282256BA0088C1F8 /* SmallTask+CoreDataProperties.swift in Sources */,
				5FCCCE33282256BA0088C1F8 /* Task+CoreDataProperties.swift in Sources */,
				5F07CE512818EF4D00F03565 /* CustomUIView.swift in Sources */,
				5F07CE322818D73200F03565 /* AppDelegate.swift in Sources */,
				5F07CE3C2818D73200F03565 /* Workload_Organizer_App.xcdatamodeld in Sources */,
				5FCCCE34282256BA0088C1F8 /* SmallTask+CoreDataClass.swift in Sources */,
				5F97C939281A00E3003B524C /* AddViewTaskViewController.swift in Sources */,
				5F97C93B281A10A0003B524C /* AddViewSmallTaskViewController.swift in Sources */,
				5F97C9372819F51F003B524C /* MyTasksCell.swift in Sources */,
				5F6606F62819ED610072791F /* CustomTagUILabel.swift in Sources */,
				5F07CE342818D73200F03565 /* SceneDelegate.swift in Sources */,
				5FC077B4281AEF87007B7CF3 /* Helper.swift in Sources */,
			);
			runOnlyForDeploymentPostprocessing = 0;
		};
/* End PBXSourcesBuildPhase section */

/* Begin PBXVariantGroup section */
		5F07CE372818D73200F03565 /* Main.storyboard */ = {
			isa = PBXVariantGroup;
			children = (
				5F07CE382818D73200F03565 /* Base */,
			);
			name = Main.storyboard;
			sourceTree = "<group>";
		};
		5F07CE3F2818D73300F03565 /* LaunchScreen.storyboard */ = {
			isa = PBXVariantGroup;
			children = (
				5F07CE402818D73300F03565 /* Base */,
			);
			name = LaunchScreen.storyboard;
			sourceTree = "<group>";
		};
/* End PBXVariantGroup section */

/* Begin XCBuildConfiguration section */
		5F07CE432818D73300F03565 /* Debug */ = {
			isa = XCBuildConfiguration;
			buildSettings = {
				ALWAYS_SEARCH_USER_PATHS = NO;
				CLANG_ANALYZER_NONNULL = YES;
				CLANG_ANALYZER_NUMBER_OBJECT_CONVERSION = YES_AGGRESSIVE;
				CLANG_CXX_LANGUAGE_STANDARD = "gnu++17";
				CLANG_ENABLE_MODULES = YES;
				CLANG_ENABLE_OBJC_ARC = YES;
				CLANG_ENABLE_OBJC_WEAK = YES;
				CLANG_WARN_BLOCK_CAPTURE_AUTORELEASING = YES;
				CLANG_WARN_BOOL_CONVERSION = YES;
				CLANG_WARN_COMMA = YES;
				CLANG_WARN_CONSTANT_CONVERSION = YES;
				CLANG_WARN_DEPRECATED_OBJC_IMPLEMENTATIONS = YES;
				CLANG_WARN_DIRECT_OBJC_ISA_USAGE = YES_ERROR;
				CLANG_WARN_DOCUMENTATION_COMMENTS = YES;
				CLANG_WARN_EMPTY_BODY = YES;
				CLANG_WARN_ENUM_CONVERSION = YES;
				CLANG_WARN_INFINITE_RECURSION = YES;
				CLANG_WARN_INT_CONVERSION = YES;
				CLANG_WARN_NON_LITERAL_NULL_CONVERSION = YES;
				CLANG_WARN_OBJC_IMPLICIT_RETAIN_SELF = YES;
				CLANG_WARN_OBJC_LITERAL_CONVERSION = YES;
				CLANG_WARN_OBJC_ROOT_CLASS = YES_ERROR;
				CLANG_WARN_QUOTED_INCLUDE_IN_FRAMEWORK_HEADER = YES;
				CLANG_WARN_RANGE_LOOP_ANALYSIS = YES;
				CLANG_WARN_STRICT_PROTOTYPES = YES;
				CLANG_WARN_SUSPICIOUS_MOVE = YES;
				CLANG_WARN_UNGUARDED_AVAILABILITY = YES_AGGRESSIVE;
				CLANG_WARN_UNREACHABLE_CODE = YES;
				CLANG_WARN__DUPLICATE_METHOD_MATCH = YES;
				COPY_PHASE_STRIP = NO;
				DEBUG_INFORMATION_FORMAT = dwarf;
				ENABLE_STRICT_OBJC_MSGSEND = YES;
				ENABLE_TESTABILITY = YES;
				GCC_C_LANGUAGE_STANDARD = gnu11;
				GCC_DYNAMIC_NO_PIC = NO;
				GCC_NO_COMMON_BLOCKS = YES;
				GCC_OPTIMIZATION_LEVEL = 0;
				GCC_PREPROCESSOR_DEFINITIONS = (
					"DEBUG=1",
					"$(inherited)",
				);
				GCC_WARN_64_TO_32_BIT_CONVERSION = YES;
				GCC_WARN_ABOUT_RETURN_TYPE = YES_ERROR;
				GCC_WARN_UNDECLARED_SELECTOR = YES;
				GCC_WARN_UNINITIALIZED_AUTOS = YES_AGGRESSIVE;
				GCC_WARN_UNUSED_FUNCTION = YES;
				GCC_WARN_UNUSED_VARIABLE = YES;
				IPHONEOS_DEPLOYMENT_TARGET = 15.4;
				MTL_ENABLE_DEBUG_INFO = INCLUDE_SOURCE;
				MTL_FAST_MATH = YES;
				ONLY_ACTIVE_ARCH = YES;
				SDKROOT = iphoneos;
				SWIFT_ACTIVE_COMPILATION_CONDITIONS = DEBUG;
				SWIFT_OPTIMIZATION_LEVEL = "-Onone";
			};
			name = Debug;
		};
		5F07CE442818D73300F03565 /* Release */ = {
			isa = XCBuildConfiguration;
			buildSettings = {
				ALWAYS_SEARCH_USER_PATHS = NO;
				CLANG_ANALYZER_NONNULL = YES;
				CLANG_ANALYZER_NUMBER_OBJECT_CONVERSION = YES_AGGRESSIVE;
				CLANG_CXX_LANGUAGE_STANDARD = "gnu++17";
				CLANG_ENABLE_MODULES = YES;
				CLANG_ENABLE_OBJC_ARC = YES;
				CLANG_ENABLE_OBJC_WEAK = YES;
				CLANG_WARN_BLOCK_CAPTURE_AUTORELEASING = YES;
				CLANG_WARN_BOOL_CONVERSION = YES;
				CLANG_WARN_COMMA = YES;
				CLANG_WARN_CONSTANT_CONVERSION = YES;
				CLANG_WARN_DEPRECATED_OBJC_IMPLEMENTATIONS = YES;
				CLANG_WARN_DIRECT_OBJC_ISA_USAGE = YES_ERROR;
				CLANG_WARN_DOCUMENTATION_COMMENTS = YES;
				CLANG_WARN_EMPTY_BODY = YES;
				CLANG_WARN_ENUM_CONVERSION = YES;
				CLANG_WARN_INFINITE_RECURSION = YES;
				CLANG_WARN_INT_CONVERSION = YES;
				CLANG_WARN_NON_LITERAL_NULL_CONVERSION = YES;
				CLANG_WARN_OBJC_IMPLICIT_RETAIN_SELF = YES;
				CLANG_WARN_OBJC_LITERAL_CONVERSION = YES;
				CLANG_WARN_OBJC_ROOT_CLASS = YES_ERROR;
				CLANG_WARN_QUOTED_INCLUDE_IN_FRAMEWORK_HEADER = YES;
				CLANG_WARN_RANGE_LOOP_ANALYSIS = YES;
				CLANG_WARN_STRICT_PROTOTYPES = YES;
				CLANG_WARN_SUSPICIOUS_MOVE = YES;
				CLANG_WARN_UNGUARDED_AVAILABILITY = YES_AGGRESSIVE;
				CLANG_WARN_UNREACHABLE_CODE = YES;
				CLANG_WARN__DUPLICATE_METHOD_MATCH = YES;
				COPY_PHASE_STRIP = NO;
				DEBUG_INFORMATION_FORMAT = "dwarf-with-dsym";
				ENABLE_NS_ASSERTIONS = NO;
				ENABLE_STRICT_OBJC_MSGSEND = YES;
				GCC_C_LANGUAGE_STANDARD = gnu11;
				GCC_NO_COMMON_BLOCKS = YES;
				GCC_WARN_64_TO_32_BIT_CONVERSION = YES;
				GCC_WARN_ABOUT_RETURN_TYPE = YES_ERROR;
				GCC_WARN_UNDECLARED_SELECTOR = YES;
				GCC_WARN_UNINITIALIZED_AUTOS = YES_AGGRESSIVE;
				GCC_WARN_UNUSED_FUNCTION = YES;
				GCC_WARN_UNUSED_VARIABLE = YES;
				IPHONEOS_DEPLOYMENT_TARGET = 15.4;
				MTL_ENABLE_DEBUG_INFO = NO;
				MTL_FAST_MATH = YES;
				SDKROOT = iphoneos;
				SWIFT_COMPILATION_MODE = wholemodule;
				SWIFT_OPTIMIZATION_LEVEL = "-O";
				VALIDATE_PRODUCT = YES;
			};
			name = Release;
		};
		5F07CE462818D73300F03565 /* Debug */ = {
			isa = XCBuildConfiguration;
			buildSettings = {
				ASSETCATALOG_COMPILER_APPICON_NAME = AppIcon;
				ASSETCATALOG_COMPILER_GLOBAL_ACCENT_COLOR_NAME = AccentColor;
				CODE_SIGN_STYLE = Automatic;
				CURRENT_PROJECT_VERSION = 1;
				DEVELOPMENT_TEAM = 5658ASKD6C;
				GENERATE_INFOPLIST_FILE = YES;
				INFOPLIST_FILE = "Workload Organizer App/Info.plist";
				INFOPLIST_KEY_CFBundleDisplayName = Tasky;
				INFOPLIST_KEY_UIApplicationSupportsIndirectInputEvents = YES;
				INFOPLIST_KEY_UILaunchStoryboardName = LaunchScreen;
				INFOPLIST_KEY_UIMainStoryboardFile = Main;
				INFOPLIST_KEY_UISupportedInterfaceOrientations_iPad = "UIInterfaceOrientationPortrait UIInterfaceOrientationPortraitUpsideDown UIInterfaceOrientationLandscapeLeft UIInterfaceOrientationLandscapeRight";
				INFOPLIST_KEY_UISupportedInterfaceOrientations_iPhone = "UIInterfaceOrientationPortrait UIInterfaceOrientationLandscapeLeft UIInterfaceOrientationLandscapeRight";
				LD_RUNPATH_SEARCH_PATHS = (
					"$(inherited)",
					"@executable_path/Frameworks",
				);
				MARKETING_VERSION = 1.0;
				PRODUCT_BUNDLE_IDENTIFIER = "com.example.Workload-Organizer-App";
				PRODUCT_NAME = "$(TARGET_NAME)";
				SWIFT_EMIT_LOC_STRINGS = YES;
				SWIFT_VERSION = 5.0;
				TARGETED_DEVICE_FAMILY = "1,2";
			};
			name = Debug;
		};
		5F07CE472818D73300F03565 /* Release */ = {
			isa = XCBuildConfiguration;
			buildSettings = {
				ASSETCATALOG_COMPILER_APPICON_NAME = AppIcon;
				ASSETCATALOG_COMPILER_GLOBAL_ACCENT_COLOR_NAME = AccentColor;
				CODE_SIGN_STYLE = Automatic;
				CURRENT_PROJECT_VERSION = 1;
				DEVELOPMENT_TEAM = 5658ASKD6C;
				GENERATE_INFOPLIST_FILE = YES;
				INFOPLIST_FILE = "Workload Organizer App/Info.plist";
				INFOPLIST_KEY_CFBundleDisplayName = Tasky;
				INFOPLIST_KEY_UIApplicationSupportsIndirectInputEvents = YES;
				INFOPLIST_KEY_UILaunchStoryboardName = LaunchScreen;
				INFOPLIST_KEY_UIMainStoryboardFile = Main;
				INFOPLIST_KEY_UISupportedInterfaceOrientations_iPad = "UIInterfaceOrientationPortrait UIInterfaceOrientationPortraitUpsideDown UIInterfaceOrientationLandscapeLeft UIInterfaceOrientationLandscapeRight";
				INFOPLIST_KEY_UISupportedInterfaceOrientations_iPhone = "UIInterfaceOrientationPortrait UIInterfaceOrientationLandscapeLeft UIInterfaceOrientationLandscapeRight";
				LD_RUNPATH_SEARCH_PATHS = (
					"$(inherited)",
					"@executable_path/Frameworks",
				);
				MARKETING_VERSION = 1.0;
				PRODUCT_BUNDLE_IDENTIFIER = "com.example.Workload-Organizer-App";
				PRODUCT_NAME = "$(TARGET_NAME)";
				SWIFT_EMIT_LOC_STRINGS = YES;
				SWIFT_VERSION = 5.0;
				TARGETED_DEVICE_FAMILY = "1,2";
			};
			name = Release;
		};
/* End XCBuildConfiguration section */

/* Begin XCConfigurationList section */
		5F07CE292818D73200F03565 /* Build configuration list for PBXProject "Workload Organizer App" */ = {
			isa = XCConfigurationList;
			buildConfigurations = (
				5F07CE432818D73300F03565 /* Debug */,
				5F07CE442818D73300F03565 /* Release */,
			);
			defaultConfigurationIsVisible = 0;
			defaultConfigurationName = Release;
		};
		5F07CE452818D73300F03565 /* Build configuration list for PBXNativeTarget "Workload Organizer App" */ = {
			isa = XCConfigurationList;
			buildConfigurations = (
				5F07CE462818D73300F03565 /* Debug */,
				5F07CE472818D73300F03565 /* Release */,
			);
			defaultConfigurationIsVisible = 0;
			defaultConfigurationName = Release;
		};
/* End XCConfigurationList section */

/* Begin XCVersionGroup section */
		5F07CE3A2818D73200F03565 /* Workload_Organizer_App.xcdatamodeld */ = {
			isa = XCVersionGroup;
			children = (
				5F07CE3B2818D73200F03565 /* Workload_Organizer_App.xcdatamodel */,
			);
			currentVersion = 5F07CE3B2818D73200F03565 /* Workload_Organizer_App.xcdatamodel */;
			path = Workload_Organizer_App.xcdatamodeld;
			sourceTree = "<group>";
			versionGroupType = wrapper.xcdatamodel;
		};
/* End XCVersionGroup section */
	};
	rootObject = 5F07CE262818D73200F03565 /* Project object */;
}
